
Microsoft Visual Studio Solution File, Format Version 12.00
# Visual Studio Version 16
VisualStudioVersion = 16.0.31515.178
MinimumVisualStudioVersion = 10.0.40219.1
Project("{9A19103F-16F7-4668-BE54-9A1E7A4F7556}") = "BlazorSample005.Server", "BlazorSample005\Server\BlazorSample005.Server.csproj", "{75692949-60B8-4519-A95F-C569B9D541C9}"
EndProject
Project("{9A19103F-16F7-4668-BE54-9A1E7A4F7556}") = "BlazorSample005.Client", "BlazorSample005\Client\BlazorSample005.Client.csproj", "{D8AEADCA-108A-4A70-824B-1270F9BACA44}"
EndProject
Project("{9A19103F-16F7-4668-BE54-9A1E7A4F7556}") = "BlazorSample005.Shared", "BlazorSample005\Shared\BlazorSample005.Shared.csproj", "{38B2B636-58AB-483D-8880-19CDFF17E83E}"
EndProject
Global
	GlobalSection(SolutionConfigurationPlatforms) = preSolution
		Debug|Any CPU = Debug|Any CPU
		Release|Any CPU = Release|Any CPU
	EndGlobalSection
	GlobalSection(ProjectConfigurationPlatforms) = postSolution
		{75692949-60B8-4519-A95F-C569B9D541C9}.Debug|Any CPU.ActiveCfg = Debug|Any CPU
		{75692949-60B8-4519-A95F-C569B9D541C9}.Debug|Any CPU.Build.0 = Debug|Any CPU
		{75692949-60B8-4519-A95F-C569B9D541C9}.Release|Any CPU.ActiveCfg = Release|Any CPU
		{75692949-60B8-4519-A95F-C569B9D541C9}.Release|Any CPU.Build.0 = Release|Any CPU
		{D8AEADCA-108A-4A70-824B-1270F9BACA44}.Debug|Any CPU.ActiveCfg = Debug|Any CPU
		{D8AEADCA-108A-4A70-824B-1270F9BACA44}.Debug|Any CPU.Build.0 = Debug|Any CPU
		{D8AEADCA-108A-4A70-824B-1270F9BACA44}.Release|Any CPU.ActiveCfg = Release|Any CPU
		{D8AEADCA-108A-4A70-824B-1270F9BACA44}.Release|Any CPU.Build.0 = Release|Any CPU
		{38B2B636-58AB-483D-8880-19CDFF17E83E}.Debug|Any CPU.ActiveCfg = Debug|Any CPU
		{38B2B636-58AB-483D-8880-19CDFF17E83E}.Debug|Any CPU.Build.0 = Debug|Any CPU
		{38B2B636-58AB-483D-8880-19CDFF17E83E}.Release|Any CPU.ActiveCfg = Release|Any CPU
		{38B2B636-58AB-483D-8880-19CDFF17E83E}.Release|Any CPU.Build.0 = Release|Any CPU
	EndGlobalSection
	GlobalSection(SolutionProperties) = preSolution
		HideSolutionNode = FALSE
	EndGlobalSection
	GlobalSection(ExtensibilityGlobals) = postSolution
		SolutionGuid = {2E9F9E6D-6B89-4477-86C8-CF10CF698598}
	EndGlobalSection
EndGlobal
